
Microsoft Visual Studio Solution File, Format Version 12.00
# Visual Studio Version 16
VisualStudioVersion = 16.0.31229.75
MinimumVisualStudioVersion = 10.0.40219.1
Project("{9A19103F-16F7-4668-BE54-9A1E7A4F7556}") = "videoFaceDetection", "videoFaceDetection\videoFaceDetection.csproj", "{E4EB93CF-DD72-46CC-A206-262B77CA2899}"
EndProject
Project("{FAE04EC0-301F-11D3-BF4B-00C04F79EFBC}") = "simple_imageRead", "simple_imageRead\simple_imageRead.csproj", "{C9881FA1-17A1-415A-BEF8-931DA88E93C1}"
EndProject
Global
	GlobalSection(SolutionConfigurationPlatforms) = preSolution
		Debug|Any CPU = Debug|Any CPU
		Release|Any CPU = Release|Any CPU
	EndGlobalSection
	GlobalSection(ProjectConfigurationPlatforms) = postSolution
		{E4EB93CF-DD72-46CC-A206-262B77CA2899}.Debug|Any CPU.ActiveCfg = Debug|Any CPU
		{E4EB93CF-DD72-46CC-A206-262B77CA2899}.Debug|Any CPU.Build.0 = Debug|Any CPU
		{E4EB93CF-DD72-46CC-A206-262B77CA2899}.Release|Any CPU.ActiveCfg = Release|Any CPU
		{E4EB93CF-DD72-46CC-A206-262B77CA2899}.Release|Any CPU.Build.0 = Release|Any CPU
		{C9881FA1-17A1-415A-BEF8-931DA88E93C1}.Debug|Any CPU.ActiveCfg = Debug|Any CPU
		{C9881FA1-17A1-415A-BEF8-931DA88E93C1}.Debug|Any CPU.Build.0 = Debug|Any CPU
		{C9881FA1-17A1-415A-BEF8-931DA88E93C1}.Release|Any CPU.ActiveCfg = Release|Any CPU
		{C9881FA1-17A1-415A-BEF8-931DA88E93C1}.Release|Any CPU.Build.0 = Release|Any CPU
	EndGlobalSection
	GlobalSection(SolutionProperties) = preSolution
		HideSolutionNode = FALSE
	EndGlobalSection
	GlobalSection(ExtensibilityGlobals) = postSolution
		SolutionGuid = {9E253C95-1A13-439A-A967-7F41159A4033}
	EndGlobalSection
EndGlobal
